
Microsoft Visual Studio Solution File, Format Version 12.00
# Visual Studio Version 17
VisualStudioVersion = 17.9.34607.119
MinimumVisualStudioVersion = 10.0.40219.1
Project("{FAE04EC0-301F-11D3-BF4B-00C04F79EFBC}") = "UniAPP", "UniAPP.csproj", "{10A23BF8-906E-4A46-A5D3-81A1DF0CA53B}"
EndProject
Global
	GlobalSection(SolutionConfigurationPlatforms) = preSolution
		Debug|Any CPU = Debug|Any CPU
		Release|Any CPU = Release|Any CPU
	EndGlobalSection
	GlobalSection(ProjectConfigurationPlatforms) = postSolution
		{10A23BF8-906E-4A46-A5D3-81A1DF0CA53B}.Debug|Any CPU.ActiveCfg = Debug|Any CPU
		{10A23BF8-906E-4A46-A5D3-81A1DF0CA53B}.Debug|Any CPU.Build.0 = Debug|Any CPU
		{10A23BF8-906E-4A46-A5D3-81A1DF0CA53B}.Debug|Any CPU.Deploy.0 = Debug|Any CPU
		{10A23BF8-906E-4A46-A5D3-81A1DF0CA53B}.Release|Any CPU.ActiveCfg = Release|Any CPU
		{10A23BF8-906E-4A46-A5D3-81A1DF0CA53B}.Release|Any CPU.Build.0 = Release|Any CPU
		{10A23BF8-906E-4A46-A5D3-81A1DF0CA53B}.Release|Any CPU.Deploy.0 = Release|Any CPU
	EndGlobalSection
	GlobalSection(SolutionProperties) = preSolution
		HideSolutionNode = FALSE
	EndGlobalSection
	GlobalSection(ExtensibilityGlobals) = postSolution
		SolutionGuid = {A1A9CBC8-BA5D-4846-B621-E1B8F314F741}
	EndGlobalSection
EndGlobal
